
Microsoft Visual Studio Solution File, Format Version 12.00
# Visual Studio Version 16
VisualStudioVersion = 16.0.30804.86
MinimumVisualStudioVersion = 10.0.40219.1
Project("{FAE04EC0-301F-11D3-BF4B-00C04F79EFBC}") = "CompliteTestCreator", "CompliteTestCreator\CompliteTestCreator.csproj", "{BE962B06-DA6A-457F-8426-0C9E9A064708}"
EndProject
Global
	GlobalSection(SolutionConfigurationPlatforms) = preSolution
		Debug|Any CPU = Debug|Any CPU
		Release|Any CPU = Release|Any CPU
	EndGlobalSection
	GlobalSection(ProjectConfigurationPlatforms) = postSolution
		{BE962B06-DA6A-457F-8426-0C9E9A064708}.Debug|Any CPU.ActiveCfg = Debug|Any CPU
		{BE962B06-DA6A-457F-8426-0C9E9A064708}.Debug|Any CPU.Build.0 = Debug|Any CPU
		{BE962B06-DA6A-457F-8426-0C9E9A064708}.Release|Any CPU.ActiveCfg = Release|Any CPU
		{BE962B06-DA6A-457F-8426-0C9E9A064708}.Release|Any CPU.Build.0 = Release|Any CPU
	EndGlobalSection
	GlobalSection(SolutionProperties) = preSolution
		HideSolutionNode = FALSE
	EndGlobalSection
	GlobalSection(ExtensibilityGlobals) = postSolution
		SolutionGuid = {0BA53587-DA9D-4F5F-BA3D-8F5CCAE0D75D}
	EndGlobalSection
EndGlobal
